
Microsoft Visual Studio Solution File, Format Version 12.00
# Visual Studio Version 17
VisualStudioVersion = 17.11.35327.3
MinimumVisualStudioVersion = 10.0.40219.1
Project("{2150E333-8FDC-42A3-9474-1A3956D46DE8}") = "corePackages", "corePackages", "{0E4B36E8-5117-4B4D-B0D4-E6E8863A5D24}"
EndProject
Project("{2150E333-8FDC-42A3-9474-1A3956D46DE8}") = "projects", "projects", "{5FA4501B-6390-47C3-B92E-1F59273A0520}"
EndProject
Project("{2150E333-8FDC-42A3-9474-1A3956D46DE8}") = "passwordManagerApi", "passwordManagerApi", "{0161F347-35D2-4FC8-B09E-7181BCFA5753}"
EndProject
Project("{9A19103F-16F7-4668-BE54-9A1E7A4F7556}") = "Core.Application", "CorePackages\Core.Application\Core.Application.csproj", "{539E3605-A89D-4675-A556-8440413CBFD7}"
EndProject
Project("{9A19103F-16F7-4668-BE54-9A1E7A4F7556}") = "Core.CrossCuttingConcerns.Exception", "CorePackages\Core.CrossCuttingConcerns.Exception\Core.CrossCuttingConcerns.Exception.csproj", "{71933E45-25D7-40EC-8D29-B1445A967DE2}"
EndProject
Project("{9A19103F-16F7-4668-BE54-9A1E7A4F7556}") = "Core.CrossCuttingConcerns.Exception.WebApi", "CorePackages\Core.CrossCuttingConcerns.Exception.WebApi\Core.CrossCuttingConcerns.Exception.WebApi.csproj", "{CB4BEE3D-38BF-4442-A4DC-5D605F8274EC}"
EndProject
Project("{9A19103F-16F7-4668-BE54-9A1E7A4F7556}") = "Core.CrossCuttingConcerns.Logging", "CorePackages\Core.CrossCuttingConcerns.Logging\Core.CrossCuttingConcerns.Logging.csproj", "{C202E707-F5A1-4797-A24F-A9F2923CE856}"
EndProject
Project("{9A19103F-16F7-4668-BE54-9A1E7A4F7556}") = "Core.CrossCuttingConcerns.Logging.Abstraction", "CorePackages\Core.CrossCuttingConcerns.Logging.Abstraction\Core.CrossCuttingConcerns.Logging.Abstraction.csproj", "{E2A3A310-0A36-478A-AF7E-7000985CDAA6}"
EndProject
Project("{9A19103F-16F7-4668-BE54-9A1E7A4F7556}") = "Core.CrossCuttingConcerns.Logging.DependencyInjection", "CorePackages\Core.CrossCuttingConcerns.Logging.DependencyInjection\Core.CrossCuttingConcerns.Logging.DependencyInjection.csproj", "{07C02013-C2C1-4B0B-83BF-50D9F6E9A562}"
EndProject
Project("{9A19103F-16F7-4668-BE54-9A1E7A4F7556}") = "Core.CrossCuttingConcerns.Logging.Serilog", "CorePackages\Core.CrossCuttingConcerns.Logging.Serilog\Core.CrossCuttingConcerns.Logging.Serilog.csproj", "{E2AA4DD9-FC55-47FB-9AD4-F6729751DC51}"
EndProject
Project("{9A19103F-16F7-4668-BE54-9A1E7A4F7556}") = "Core.CrossCuttingConcerns.Logging.Serilog.File", "CorePackages\Core.CrossCuttingConcerns.Logging.Serilog.File\Core.CrossCuttingConcerns.Logging.Serilog.File.csproj", "{25E54BF7-AE0A-40EF-855D-8CD7F424B4E4}"
EndProject
Project("{9A19103F-16F7-4668-BE54-9A1E7A4F7556}") = "Core.Persistence", "CorePackages\Core.Persistence\Core.Persistence.csproj", "{44408926-D0DB-42AF-88F4-022EA33A6777}"
EndProject
Project("{9A19103F-16F7-4668-BE54-9A1E7A4F7556}") = "Core.Security", "CorePackages\Core.Security\Core.Security.csproj", "{457A8468-E5A8-4D3A-AF04-69D467C2DDB2}"
EndProject
Project("{9A19103F-16F7-4668-BE54-9A1E7A4F7556}") = "Core.Security.DependencyInjection", "CorePackages\Core.Security.DependencyInjection\Core.Security.DependencyInjection.csproj", "{C60C6DDC-308B-4401-AD04-6B23AFC66237}"
EndProject
Project("{9A19103F-16F7-4668-BE54-9A1E7A4F7556}") = "Core.Security.WebApi.Swagger", "CorePackages\Core.Security.WebApi.Swagger\Core.Security.WebApi.Swagger.csproj", "{F5EFDAE5-DFA5-44A3-B33F-0281BE07834D}"
EndProject
Project("{9A19103F-16F7-4668-BE54-9A1E7A4F7556}") = "Application", "PasswordManager\Application\Application.csproj", "{7F3F7D11-CAC5-4C27-820E-D7642F0ACD18}"
EndProject
Project("{9A19103F-16F7-4668-BE54-9A1E7A4F7556}") = "Domain", "PasswordManager\Domain\Domain.csproj", "{EEBE2DB7-4946-4D0F-B3D3-4A0B3EE19AD6}"
EndProject
Project("{9A19103F-16F7-4668-BE54-9A1E7A4F7556}") = "Infrastructure", "PasswordManager\Infrastructure\Infrastructure.csproj", "{E9D5234F-D9BC-4080-89F0-EB79D3EB05C0}"
EndProject
Project("{9A19103F-16F7-4668-BE54-9A1E7A4F7556}") = "Persistence", "PasswordManager\Persistence\Persistence.csproj", "{D29D211A-DD45-4A17-B230-CB92598A3DAB}"
EndProject
Project("{9A19103F-16F7-4668-BE54-9A1E7A4F7556}") = "WebApi", "PasswordManager\WebApi\WebApi.csproj", "{B1134B76-BC81-47B2-BFFB-8B17E57B44A2}"
EndProject
Project("{FAE04EC0-301F-11D3-BF4B-00C04F79EFBC}") = "Core.Persistence.DependencyInjection", "Core.Persistence.DependencyInjection\Core.Persistence.DependencyInjection.csproj", "{9A7A811D-E593-4306-81A8-CD0B72FD287E}"
EndProject
Project("{FAE04EC0-301F-11D3-BF4B-00C04F79EFBC}") = "Core.Localization.Abstraction", "Core.Localization.Abstraction\Core.Localization.Abstraction.csproj", "{5B741948-81C8-464A-B42B-97CFBAD115D7}"
EndProject
Project("{FAE04EC0-301F-11D3-BF4B-00C04F79EFBC}") = "Core.Localization.Resource.Yaml", "Core.Localization.Resource.Yaml\Core.Localization.Resource.Yaml.csproj", "{AA7826D1-2B83-45A5-BB1B-3D633EEB829D}"
EndProject
Project("{FAE04EC0-301F-11D3-BF4B-00C04F79EFBC}") = "Core.Localization.Resource.Yaml.DependencyInjection", "Core.Localization.Resource.Yaml.DependencyInjection\Core.Localization.Resource.Yaml.DependencyInjection.csproj", "{CEFB7CE3-FB39-4240-A8A7-9EFD31108A5F}"
EndProject
Global
	GlobalSection(SolutionConfigurationPlatforms) = preSolution
		Debug|Any CPU = Debug|Any CPU
		Release|Any CPU = Release|Any CPU
	EndGlobalSection
	GlobalSection(ProjectConfigurationPlatforms) = postSolution
		{539E3605-A89D-4675-A556-8440413CBFD7}.Debug|Any CPU.ActiveCfg = Debug|Any CPU
		{539E3605-A89D-4675-A556-8440413CBFD7}.Debug|Any CPU.Build.0 = Debug|Any CPU
		{539E3605-A89D-4675-A556-8440413CBFD7}.Release|Any CPU.ActiveCfg = Release|Any CPU
		{539E3605-A89D-4675-A556-8440413CBFD7}.Release|Any CPU.Build.0 = Release|Any CPU
		{71933E45-25D7-40EC-8D29-B1445A967DE2}.Debug|Any CPU.ActiveCfg = Debug|Any CPU
		{71933E45-25D7-40EC-8D29-B1445A967DE2}.Debug|Any CPU.Build.0 = Debug|Any CPU
		{71933E45-25D7-40EC-8D29-B1445A967DE2}.Release|Any CPU.ActiveCfg = Release|Any CPU
		{71933E45-25D7-40EC-8D29-B1445A967DE2}.Release|Any CPU.Build.0 = Release|Any CPU
		{CB4BEE3D-38BF-4442-A4DC-5D605F8274EC}.Debug|Any CPU.ActiveCfg = Debug|Any CPU
		{CB4BEE3D-38BF-4442-A4DC-5D605F8274EC}.Debug|Any CPU.Build.0 = Debug|Any CPU
		{CB4BEE3D-38BF-4442-A4DC-5D605F8274EC}.Release|Any CPU.ActiveCfg = Release|Any CPU
		{CB4BEE3D-38BF-4442-A4DC-5D605F8274EC}.Release|Any CPU.Build.0 = Release|Any CPU
		{C202E707-F5A1-4797-A24F-A9F2923CE856}.Debug|Any CPU.ActiveCfg = Debug|Any CPU
		{C202E707-F5A1-4797-A24F-A9F2923CE856}.Debug|Any CPU.Build.0 = Debug|Any CPU
		{C202E707-F5A1-4797-A24F-A9F2923CE856}.Release|Any CPU.ActiveCfg = Release|Any CPU
		{C202E707-F5A1-4797-A24F-A9F2923CE856}.Release|Any CPU.Build.0 = Release|Any CPU
		{E2A3A310-0A36-478A-AF7E-7000985CDAA6}.Debug|Any CPU.ActiveCfg = Debug|Any CPU
		{E2A3A310-0A36-478A-AF7E-7000985CDAA6}.Debug|Any CPU.Build.0 = Debug|Any CPU
		{E2A3A310-0A36-478A-AF7E-7000985CDAA6}.Release|Any CPU.ActiveCfg = Release|Any CPU
		{E2A3A310-0A36-478A-AF7E-7000985CDAA6}.Release|Any CPU.Build.0 = Release|Any CPU
		{07C02013-C2C1-4B0B-83BF-50D9F6E9A562}.Debug|Any CPU.ActiveCfg = Debug|Any CPU
		{07C02013-C2C1-4B0B-83BF-50D9F6E9A562}.Debug|Any CPU.Build.0 = Debug|Any CPU
		{07C02013-C2C1-4B0B-83BF-50D9F6E9A562}.Release|Any CPU.ActiveCfg = Release|Any CPU
		{07C02013-C2C1-4B0B-83BF-50D9F6E9A562}.Release|Any CPU.Build.0 = Release|Any CPU
		{E2AA4DD9-FC55-47FB-9AD4-F6729751DC51}.Debug|Any CPU.ActiveCfg = Debug|Any CPU
		{E2AA4DD9-FC55-47FB-9AD4-F6729751DC51}.Debug|Any CPU.Build.0 = Debug|Any CPU
		{E2AA4DD9-FC55-47FB-9AD4-F6729751DC51}.Release|Any CPU.ActiveCfg = Release|Any CPU
		{E2AA4DD9-FC55-47FB-9AD4-F6729751DC51}.Release|Any CPU.Build.0 = Release|Any CPU
		{25E54BF7-AE0A-40EF-855D-8CD7F424B4E4}.Debug|Any CPU.ActiveCfg = Debug|Any CPU
		{25E54BF7-AE0A-40EF-855D-8CD7F424B4E4}.Debug|Any CPU.Build.0 = Debug|Any CPU
		{25E54BF7-AE0A-40EF-855D-8CD7F424B4E4}.Release|Any CPU.ActiveCfg = Release|Any CPU
		{25E54BF7-AE0A-40EF-855D-8CD7F424B4E4}.Release|Any CPU.Build.0 = Release|Any CPU
		{44408926-D0DB-42AF-88F4-022EA33A6777}.Debug|Any CPU.ActiveCfg = Debug|Any CPU
		{44408926-D0DB-42AF-88F4-022EA33A6777}.Debug|Any CPU.Build.0 = Debug|Any CPU
		{44408926-D0DB-42AF-88F4-022EA33A6777}.Release|Any CPU.ActiveCfg = Release|Any CPU
		{44408926-D0DB-42AF-88F4-022EA33A6777}.Release|Any CPU.Build.0 = Release|Any CPU
		{457A8468-E5A8-4D3A-AF04-69D467C2DDB2}.Debug|Any CPU.ActiveCfg = Debug|Any CPU
		{457A8468-E5A8-4D3A-AF04-69D467C2DDB2}.Debug|Any CPU.Build.0 = Debug|Any CPU
		{457A8468-E5A8-4D3A-AF04-69D467C2DDB2}.Release|Any CPU.ActiveCfg = Release|Any CPU
		{457A8468-E5A8-4D3A-AF04-69D467C2DDB2}.Release|Any CPU.Build.0 = Release|Any CPU
		{C60C6DDC-308B-4401-AD04-6B23AFC66237}.Debug|Any CPU.ActiveCfg = Debug|Any CPU
		{C60C6DDC-308B-4401-AD04-6B23AFC66237}.Debug|Any CPU.Build.0 = Debug|Any CPU
		{C60C6DDC-308B-4401-AD04-6B23AFC66237}.Release|Any CPU.ActiveCfg = Release|Any CPU
		{C60C6DDC-308B-4401-AD04-6B23AFC66237}.Release|Any CPU.Build.0 = Release|Any CPU
		{F5EFDAE5-DFA5-44A3-B33F-0281BE07834D}.Debug|Any CPU.ActiveCfg = Debug|Any CPU
		{F5EFDAE5-DFA5-44A3-B33F-0281BE07834D}.Debug|Any CPU.Build.0 = Debug|Any CPU
		{F5EFDAE5-DFA5-44A3-B33F-0281BE07834D}.Release|Any CPU.ActiveCfg = Release|Any CPU
		{F5EFDAE5-DFA5-44A3-B33F-0281BE07834D}.Release|Any CPU.Build.0 = Release|Any CPU
		{7F3F7D11-CAC5-4C27-820E-D7642F0ACD18}.Debug|Any CPU.ActiveCfg = Debug|Any CPU
		{7F3F7D11-CAC5-4C27-820E-D7642F0ACD18}.Debug|Any CPU.Build.0 = Debug|Any CPU
		{7F3F7D11-CAC5-4C27-820E-D7642F0ACD18}.Release|Any CPU.ActiveCfg = Release|Any CPU
		{7F3F7D11-CAC5-4C27-820E-D7642F0ACD18}.Release|Any CPU.Build.0 = Release|Any CPU
		{EEBE2DB7-4946-4D0F-B3D3-4A0B3EE19AD6}.Debug|Any CPU.ActiveCfg = Debug|Any CPU
		{EEBE2DB7-4946-4D0F-B3D3-4A0B3EE19AD6}.Debug|Any CPU.Build.0 = Debug|Any CPU
		{EEBE2DB7-4946-4D0F-B3D3-4A0B3EE19AD6}.Release|Any CPU.ActiveCfg = Release|Any CPU
		{EEBE2DB7-4946-4D0F-B3D3-4A0B3EE19AD6}.Release|Any CPU.Build.0 = Release|Any CPU
		{E9D5234F-D9BC-4080-89F0-EB79D3EB05C0}.Debug|Any CPU.ActiveCfg = Debug|Any CPU
		{E9D5234F-D9BC-4080-89F0-EB79D3EB05C0}.Debug|Any CPU.Build.0 = Debug|Any CPU
		{E9D5234F-D9BC-4080-89F0-EB79D3EB05C0}.Release|Any CPU.ActiveCfg = Release|Any CPU
		{E9D5234F-D9BC-4080-89F0-EB79D3EB05C0}.Release|Any CPU.Build.0 = Release|Any CPU
		{D29D211A-DD45-4A17-B230-CB92598A3DAB}.Debug|Any CPU.ActiveCfg = Debug|Any CPU
		{D29D211A-DD45-4A17-B230-CB92598A3DAB}.Debug|Any CPU.Build.0 = Debug|Any CPU
		{D29D211A-DD45-4A17-B230-CB92598A3DAB}.Release|Any CPU.ActiveCfg = Release|Any CPU
		{D29D211A-DD45-4A17-B230-CB92598A3DAB}.Release|Any CPU.Build.0 = Release|Any CPU
		{B1134B76-BC81-47B2-BFFB-8B17E57B44A2}.Debug|Any CPU.ActiveCfg = Debug|Any CPU
		{B1134B76-BC81-47B2-BFFB-8B17E57B44A2}.Debug|Any CPU.Build.0 = Debug|Any CPU
		{B1134B76-BC81-47B2-BFFB-8B17E57B44A2}.Release|Any CPU.ActiveCfg = Release|Any CPU
		{B1134B76-BC81-47B2-BFFB-8B17E57B44A2}.Release|Any CPU.Build.0 = Release|Any CPU
		{9A7A811D-E593-4306-81A8-CD0B72FD287E}.Debug|Any CPU.ActiveCfg = Debug|Any CPU
		{9A7A811D-E593-4306-81A8-CD0B72FD287E}.Debug|Any CPU.Build.0 = Debug|Any CPU
		{9A7A811D-E593-4306-81A8-CD0B72FD287E}.Release|Any CPU.ActiveCfg = Release|Any CPU
		{9A7A811D-E593-4306-81A8-CD0B72FD287E}.Release|Any CPU.Build.0 = Release|Any CPU
		{5B741948-81C8-464A-B42B-97CFBAD115D7}.Debug|Any CPU.ActiveCfg = Debug|Any CPU
		{5B741948-81C8-464A-B42B-97CFBAD115D7}.Debug|Any CPU.Build.0 = Debug|Any CPU
		{5B741948-81C8-464A-B42B-97CFBAD115D7}.Release|Any CPU.ActiveCfg = Release|Any CPU
		{5B741948-81C8-464A-B42B-97CFBAD115D7}.Release|Any CPU.Build.0 = Release|Any CPU
		{AA7826D1-2B83-45A5-BB1B-3D633EEB829D}.Debug|Any CPU.ActiveCfg = Debug|Any CPU
		{AA7826D1-2B83-45A5-BB1B-3D633EEB829D}.Debug|Any CPU.Build.0 = Debug|Any CPU
		{AA7826D1-2B83-45A5-BB1B-3D633EEB829D}.Release|Any CPU.ActiveCfg = Release|Any CPU
		{AA7826D1-2B83-45A5-BB1B-3D633EEB829D}.Release|Any CPU.Build.0 = Release|Any CPU
		{CEFB7CE3-FB39-4240-A8A7-9EFD31108A5F}.Debug|Any CPU.ActiveCfg = Debug|Any CPU
		{CEFB7CE3-FB39-4240-A8A7-9EFD31108A5F}.Debug|Any CPU.Build.0 = Debug|Any CPU
		{CEFB7CE3-FB39-4240-A8A7-9EFD31108A5F}.Release|Any CPU.ActiveCfg = Release|Any CPU
		{CEFB7CE3-FB39-4240-A8A7-9EFD31108A5F}.Release|Any CPU.Build.0 = Release|Any CPU
	EndGlobalSection
	GlobalSection(SolutionProperties) = preSolution
		HideSolutionNode = FALSE
	EndGlobalSection
	GlobalSection(NestedProjects) = preSolution
		{0161F347-35D2-4FC8-B09E-7181BCFA5753} = {5FA4501B-6390-47C3-B92E-1F59273A0520}
		{539E3605-A89D-4675-A556-8440413CBFD7} = {0E4B36E8-5117-4B4D-B0D4-E6E8863A5D24}
		{71933E45-25D7-40EC-8D29-B1445A967DE2} = {0E4B36E8-5117-4B4D-B0D4-E6E8863A5D24}
		{CB4BEE3D-38BF-4442-A4DC-5D605F8274EC} = {0E4B36E8-5117-4B4D-B0D4-E6E8863A5D24}
		{C202E707-F5A1-4797-A24F-A9F2923CE856} = {0E4B36E8-5117-4B4D-B0D4-E6E8863A5D24}
		{E2A3A310-0A36-478A-AF7E-7000985CDAA6} = {0E4B36E8-5117-4B4D-B0D4-E6E8863A5D24}
		{07C02013-C2C1-4B0B-83BF-50D9F6E9A562} = {0E4B36E8-5117-4B4D-B0D4-E6E8863A5D24}
		{E2AA4DD9-FC55-47FB-9AD4-F6729751DC51} = {0E4B36E8-5117-4B4D-B0D4-E6E8863A5D24}
		{25E54BF7-AE0A-40EF-855D-8CD7F424B4E4} = {0E4B36E8-5117-4B4D-B0D4-E6E8863A5D24}
		{44408926-D0DB-42AF-88F4-022EA33A6777} = {0E4B36E8-5117-4B4D-B0D4-E6E8863A5D24}
		{457A8468-E5A8-4D3A-AF04-69D467C2DDB2} = {0E4B36E8-5117-4B4D-B0D4-E6E8863A5D24}
		{C60C6DDC-308B-4401-AD04-6B23AFC66237} = {0E4B36E8-5117-4B4D-B0D4-E6E8863A5D24}
		{F5EFDAE5-DFA5-44A3-B33F-0281BE07834D} = {0E4B36E8-5117-4B4D-B0D4-E6E8863A5D24}
		{7F3F7D11-CAC5-4C27-820E-D7642F0ACD18} = {0161F347-35D2-4FC8-B09E-7181BCFA5753}
		{EEBE2DB7-4946-4D0F-B3D3-4A0B3EE19AD6} = {0161F347-35D2-4FC8-B09E-7181BCFA5753}
		{E9D5234F-D9BC-4080-89F0-EB79D3EB05C0} = {0161F347-35D2-4FC8-B09E-7181BCFA5753}
		{D29D211A-DD45-4A17-B230-CB92598A3DAB} = {0161F347-35D2-4FC8-B09E-7181BCFA5753}
		{B1134B76-BC81-47B2-BFFB-8B17E57B44A2} = {0161F347-35D2-4FC8-B09E-7181BCFA5753}
		{9A7A811D-E593-4306-81A8-CD0B72FD287E} = {0E4B36E8-5117-4B4D-B0D4-E6E8863A5D24}
		{5B741948-81C8-464A-B42B-97CFBAD115D7} = {0E4B36E8-5117-4B4D-B0D4-E6E8863A5D24}
		{AA7826D1-2B83-45A5-BB1B-3D633EEB829D} = {0E4B36E8-5117-4B4D-B0D4-E6E8863A5D24}
		{CEFB7CE3-FB39-4240-A8A7-9EFD31108A5F} = {0E4B36E8-5117-4B4D-B0D4-E6E8863A5D24}
	EndGlobalSection
	GlobalSection(ExtensibilityGlobals) = postSolution
		SolutionGuid = {44FEE5B4-26CA-4384-9B87-3E7A741ADD42}
	EndGlobalSection
EndGlobal
